
Microsoft Visual Studio Solution File, Format Version 12.00
# Visual Studio 15
VisualStudioVersion = 15.0.26730.16
MinimumVisualStudioVersion = 10.0.40219.1
Project("{FAE04EC0-301F-11D3-BF4B-00C04F79EFBC}") = "Blockchain.SmartShares", "Blockchain.SmartShares.csproj", "{C146BE58-F118-4EC3-B540-6D984D7777FE}"
EndProject
Project("{FAE04EC0-301F-11D3-BF4B-00C04F79EFBC}") = "Blockchain.ConsoleApplication", "..\Blockchain.ConsoleApplication\Blockchain.ConsoleApplication.csproj", "{6EA02A93-76A7-44F4-B729-81FAD5690CF2}"
EndProject
Project("{FAE04EC0-301F-11D3-BF4B-00C04F79EFBC}") = "p2p.implementation", "..\p2p.implementation\p2p.implementation.csproj", "{40649F04-5642-4E06-93BE-148A92C142F2}"
EndProject
Project("{FAE04EC0-301F-11D3-BF4B-00C04F79EFBC}") = "TestProject.ConsoleApplication", "..\TestProject.ConsoleApplication\TestProject.ConsoleApplication.csproj", "{5F1F5759-52D8-4D32-8275-91341E0F6455}"
EndProject
Global
	GlobalSection(SolutionConfigurationPlatforms) = preSolution
		Debug|Any CPU = Debug|Any CPU
		Release|Any CPU = Release|Any CPU
	EndGlobalSection
	GlobalSection(ProjectConfigurationPlatforms) = postSolution
		{C146BE58-F118-4EC3-B540-6D984D7777FE}.Debug|Any CPU.ActiveCfg = Debug|Any CPU
		{C146BE58-F118-4EC3-B540-6D984D7777FE}.Debug|Any CPU.Build.0 = Debug|Any CPU
		{C146BE58-F118-4EC3-B540-6D984D7777FE}.Release|Any CPU.ActiveCfg = Release|Any CPU
		{C146BE58-F118-4EC3-B540-6D984D7777FE}.Release|Any CPU.Build.0 = Release|Any CPU
		{6EA02A93-76A7-44F4-B729-81FAD5690CF2}.Debug|Any CPU.ActiveCfg = Debug|Any CPU
		{6EA02A93-76A7-44F4-B729-81FAD5690CF2}.Debug|Any CPU.Build.0 = Debug|Any CPU
		{6EA02A93-76A7-44F4-B729-81FAD5690CF2}.Release|Any CPU.ActiveCfg = Release|Any CPU
		{6EA02A93-76A7-44F4-B729-81FAD5690CF2}.Release|Any CPU.Build.0 = Release|Any CPU
		{40649F04-5642-4E06-93BE-148A92C142F2}.Debug|Any CPU.ActiveCfg = Debug|Any CPU
		{40649F04-5642-4E06-93BE-148A92C142F2}.Debug|Any CPU.Build.0 = Debug|Any CPU
		{40649F04-5642-4E06-93BE-148A92C142F2}.Release|Any CPU.ActiveCfg = Release|Any CPU
		{40649F04-5642-4E06-93BE-148A92C142F2}.Release|Any CPU.Build.0 = Release|Any CPU
		{5F1F5759-52D8-4D32-8275-91341E0F6455}.Debug|Any CPU.ActiveCfg = Debug|Any CPU
		{5F1F5759-52D8-4D32-8275-91341E0F6455}.Debug|Any CPU.Build.0 = Debug|Any CPU
		{5F1F5759-52D8-4D32-8275-91341E0F6455}.Release|Any CPU.ActiveCfg = Release|Any CPU
		{5F1F5759-52D8-4D32-8275-91341E0F6455}.Release|Any CPU.Build.0 = Release|Any CPU
	EndGlobalSection
	GlobalSection(SolutionProperties) = preSolution
		HideSolutionNode = FALSE
	EndGlobalSection
	GlobalSection(ExtensibilityGlobals) = postSolution
		SolutionGuid = {23F28641-20AA-4214-A4E0-CB7E68227068}
	EndGlobalSection
EndGlobal
