
Microsoft Visual Studio Solution File, Format Version 12.00
# Visual Studio 15
VisualStudioVersion = 15.0.26730.16
MinimumVisualStudioVersion = 10.0.40219.1
Project("{FAE04EC0-301F-11D3-BF4B-00C04F79EFBC}") = "Blockchain.SmartShares", "Blockchain.SmartShares.csproj", "{C146BE58-F118-4EC3-B540-6D984D7777FE}"
EndProject
Project("{FAE04EC0-301F-11D3-BF4B-00C04F79EFBC}") = "Blockchain.ConsoleApplication", "..\Blockchain.ConsoleApplication\Blockchain.ConsoleApplication.csproj", "{6EA02A93-76A7-44F4-B729-81FAD5690CF2}"
EndProject
Project("{FAE04EC0-301F-11D3-BF4B-00C04F79EFBC}") = "Blockchain.SmartShares.UnitTests", "..\Blockchain.SmartShares.UnitTests\Blockchain.SmartShares.UnitTests.csproj", "{F51AB763-FB44-4FF7-8559-861258286806}"
EndProject
Project("{FAE04EC0-301F-11D3-BF4B-00C04F79EFBC}") = "SmartShares", "..\SmartShares\SmartShares.csproj", "{674788D9-DD79-41A7-BB79-173D0471F09B}"
EndProject
Project("{FAE04EC0-301F-11D3-BF4B-00C04F79EFBC}") = "SmartShares.UnitTests", "..\SmartShares\SmartShares.UnitTests\SmartShares.UnitTests.csproj", "{0F941B51-9B71-49E1-A30B-C40DD997F7E3}"
EndProject
Global
	GlobalSection(SolutionConfigurationPlatforms) = preSolution
		Debug|Any CPU = Debug|Any CPU
		Release|Any CPU = Release|Any CPU
	EndGlobalSection
	GlobalSection(ProjectConfigurationPlatforms) = postSolution
		{C146BE58-F118-4EC3-B540-6D984D7777FE}.Debug|Any CPU.ActiveCfg = Debug|Any CPU
		{C146BE58-F118-4EC3-B540-6D984D7777FE}.Debug|Any CPU.Build.0 = Debug|Any CPU
		{C146BE58-F118-4EC3-B540-6D984D7777FE}.Release|Any CPU.ActiveCfg = Release|Any CPU
		{C146BE58-F118-4EC3-B540-6D984D7777FE}.Release|Any CPU.Build.0 = Release|Any CPU
		{6EA02A93-76A7-44F4-B729-81FAD5690CF2}.Debug|Any CPU.ActiveCfg = Debug|Any CPU
		{6EA02A93-76A7-44F4-B729-81FAD5690CF2}.Debug|Any CPU.Build.0 = Debug|Any CPU
		{6EA02A93-76A7-44F4-B729-81FAD5690CF2}.Release|Any CPU.ActiveCfg = Release|Any CPU
		{6EA02A93-76A7-44F4-B729-81FAD5690CF2}.Release|Any CPU.Build.0 = Release|Any CPU
		{F51AB763-FB44-4FF7-8559-861258286806}.Debug|Any CPU.ActiveCfg = Debug|Any CPU
		{F51AB763-FB44-4FF7-8559-861258286806}.Debug|Any CPU.Build.0 = Debug|Any CPU
		{F51AB763-FB44-4FF7-8559-861258286806}.Release|Any CPU.ActiveCfg = Release|Any CPU
		{F51AB763-FB44-4FF7-8559-861258286806}.Release|Any CPU.Build.0 = Release|Any CPU
		{674788D9-DD79-41A7-BB79-173D0471F09B}.Debug|Any CPU.ActiveCfg = Debug|Any CPU
		{674788D9-DD79-41A7-BB79-173D0471F09B}.Debug|Any CPU.Build.0 = Debug|Any CPU
		{674788D9-DD79-41A7-BB79-173D0471F09B}.Release|Any CPU.ActiveCfg = Release|Any CPU
		{674788D9-DD79-41A7-BB79-173D0471F09B}.Release|Any CPU.Build.0 = Release|Any CPU
		{0F941B51-9B71-49E1-A30B-C40DD997F7E3}.Debug|Any CPU.ActiveCfg = Debug|Any CPU
		{0F941B51-9B71-49E1-A30B-C40DD997F7E3}.Debug|Any CPU.Build.0 = Debug|Any CPU
		{0F941B51-9B71-49E1-A30B-C40DD997F7E3}.Release|Any CPU.ActiveCfg = Release|Any CPU
		{0F941B51-9B71-49E1-A30B-C40DD997F7E3}.Release|Any CPU.Build.0 = Release|Any CPU
	EndGlobalSection
	GlobalSection(SolutionProperties) = preSolution
		HideSolutionNode = FALSE
	EndGlobalSection
	GlobalSection(ExtensibilityGlobals) = postSolution
		SolutionGuid = {23F28641-20AA-4214-A4E0-CB7E68227068}
	EndGlobalSection
EndGlobal
